
Microsoft Visual Studio Solution File, Format Version 12.00
# Visual Studio Version 16
VisualStudioVersion = 16.0.30225.117
MinimumVisualStudioVersion = 10.0.40219.1
Project("{FAE04EC0-301F-11D3-BF4B-00C04F79EFBC}") = "GenUAFromBilds", "GenUAFromBilds\GenUAFromBilds.csproj", "{95AED58C-10FC-4A13-87D0-EE08EB54E438}"
EndProject
Global
	GlobalSection(SolutionConfigurationPlatforms) = preSolution
		Debug|Any CPU = Debug|Any CPU
		Release|Any CPU = Release|Any CPU
	EndGlobalSection
	GlobalSection(ProjectConfigurationPlatforms) = postSolution
		{95AED58C-10FC-4A13-87D0-EE08EB54E438}.Debug|Any CPU.ActiveCfg = Debug|Any CPU
		{95AED58C-10FC-4A13-87D0-EE08EB54E438}.Debug|Any CPU.Build.0 = Debug|Any CPU
		{95AED58C-10FC-4A13-87D0-EE08EB54E438}.Release|Any CPU.ActiveCfg = Release|Any CPU
		{95AED58C-10FC-4A13-87D0-EE08EB54E438}.Release|Any CPU.Build.0 = Release|Any CPU
	EndGlobalSection
	GlobalSection(SolutionProperties) = preSolution
		HideSolutionNode = FALSE
	EndGlobalSection
	GlobalSection(ExtensibilityGlobals) = postSolution
		SolutionGuid = {60AA50EE-5889-4D24-AFDA-86234BD6788D}
	EndGlobalSection
EndGlobal
